
Microsoft Visual Studio Solution File, Format Version 10.00
# Visual Studio 2008
Project("{D183A3D8-5FD8-494B-B014-37F57B35E655}") = "ETL_Togproduktion_STOG", "ETL_Togproduktion_STOG.dtproj", "{CB56F0A5-24AE-4C75-A7B5-80BACFA25DBF}"
EndProject
Global
	GlobalSection(SolutionConfigurationPlatforms) = preSolution
		Development|Default = Development|Default
	EndGlobalSection
	GlobalSection(ProjectConfigurationPlatforms) = postSolution
		{CB56F0A5-24AE-4C75-A7B5-80BACFA25DBF}.Development|Default.ActiveCfg = Development
		{CB56F0A5-24AE-4C75-A7B5-80BACFA25DBF}.Development|Default.Build.0 = Development
	EndGlobalSection
	GlobalSection(SolutionProperties) = preSolution
		HideSolutionNode = FALSE
	EndGlobalSection
EndGlobal
