
Microsoft Visual Studio Solution File, Format Version 10.00
# Visual Studio 2008
Project("{D183A3D8-5FD8-494B-B014-37F57B35E655}") = "ETL_PDS", "ETL_PDS.dtproj", "{EAFD3D1C-AB0B-46B0-BC2B-FAD19B20AC91}"
EndProject
Global
	GlobalSection(SolutionConfigurationPlatforms) = preSolution
		Development|Default = Development|Default
	EndGlobalSection
	GlobalSection(ProjectConfigurationPlatforms) = postSolution
		{EAFD3D1C-AB0B-46B0-BC2B-FAD19B20AC91}.Development|Default.ActiveCfg = Development
		{EAFD3D1C-AB0B-46B0-BC2B-FAD19B20AC91}.Development|Default.Build.0 = Development
	EndGlobalSection
	GlobalSection(SolutionProperties) = preSolution
		HideSolutionNode = FALSE
	EndGlobalSection
EndGlobal
