
Microsoft Visual Studio Solution File, Format Version 12.00
# Visual Studio 2012
Project("{159641D6-6404-4A2A-AE62-294DE0FE8301}") = "095-ETL_Stog_Rejsedata", "ETL_Stog_Rejsedata\095-ETL_Stog_Rejsedata.dtproj", "{776E6677-3B54-4133-9C9D-D3712476C371}"
EndProject
Global
	GlobalSection(SolutionConfigurationPlatforms) = preSolution
		Development|Default = Development|Default
		Production|Default = Production|Default
	EndGlobalSection
	GlobalSection(ProjectConfigurationPlatforms) = postSolution
		{776E6677-3B54-4133-9C9D-D3712476C371}.Development|Default.ActiveCfg = Development
		{776E6677-3B54-4133-9C9D-D3712476C371}.Development|Default.Build.0 = Development
		{776E6677-3B54-4133-9C9D-D3712476C371}.Production|Default.ActiveCfg = Production
		{776E6677-3B54-4133-9C9D-D3712476C371}.Production|Default.Build.0 = Production
	EndGlobalSection
	GlobalSection(SolutionProperties) = preSolution
		HideSolutionNode = FALSE
	EndGlobalSection
EndGlobal
