
Microsoft Visual Studio Solution File, Format Version 12.00
# Visual Studio 2012
Project("{159641D6-6404-4A2A-AE62-294DE0FE8301}") = "NonNumericTest", "NonNumericTest.dtproj", "{D22478BA-D6A1-4620-80BE-D7BD46C31632}"
EndProject
Global
	GlobalSection(SolutionConfigurationPlatforms) = preSolution
		Development|Default = Development|Default
	EndGlobalSection
	GlobalSection(ProjectConfigurationPlatforms) = postSolution
		{D22478BA-D6A1-4620-80BE-D7BD46C31632}.Development|Default.ActiveCfg = Development
		{D22478BA-D6A1-4620-80BE-D7BD46C31632}.Development|Default.Build.0 = Development
	EndGlobalSection
	GlobalSection(SolutionProperties) = preSolution
		HideSolutionNode = FALSE
	EndGlobalSection
EndGlobal
