
Microsoft Visual Studio Solution File, Format Version 10.00
# Visual Studio 2008
Project("{D2ABAB84-BF74-430A-B69E-9DC6D40DDA17}") = "DM_Strækningsøkonomi", "DM_Strækningsøkonomi.dwproj", "{E1EB2B8A-2D83-46BE-85C7-9109088EC69A}"
EndProject
Global
	GlobalSection(SolutionConfigurationPlatforms) = preSolution
		Development|Default = Development|Default
		Test_01|Default = Test_01|Default
	EndGlobalSection
	GlobalSection(ProjectConfigurationPlatforms) = postSolution
		{E1EB2B8A-2D83-46BE-85C7-9109088EC69A}.Development|Default.ActiveCfg = Development
		{E1EB2B8A-2D83-46BE-85C7-9109088EC69A}.Development|Default.Build.0 = Development
		{E1EB2B8A-2D83-46BE-85C7-9109088EC69A}.Development|Default.Deploy.0 = Development
		{E1EB2B8A-2D83-46BE-85C7-9109088EC69A}.Test_01|Default.ActiveCfg = Test_01
		{E1EB2B8A-2D83-46BE-85C7-9109088EC69A}.Test_01|Default.Build.0 = Test_01
		{E1EB2B8A-2D83-46BE-85C7-9109088EC69A}.Test_01|Default.Deploy.0 = Test_01
	EndGlobalSection
	GlobalSection(SolutionProperties) = preSolution
		HideSolutionNode = FALSE
	EndGlobalSection
EndGlobal
