
Microsoft Visual Studio Solution File, Format Version 12.00
# Visual Studio 2012
Project("{159641D6-6404-4A2A-AE62-294DE0FE8301}") = "FlytDataSoem", "FlytDataSoem.dtproj", "{C99A8C0D-83B8-42AB-B188-267E3593D9E4}"
EndProject
Global
	GlobalSection(SolutionConfigurationPlatforms) = preSolution
		Development|Default = Development|Default
	EndGlobalSection
	GlobalSection(ProjectConfigurationPlatforms) = postSolution
		{C99A8C0D-83B8-42AB-B188-267E3593D9E4}.Development|Default.ActiveCfg = Development
		{C99A8C0D-83B8-42AB-B188-267E3593D9E4}.Development|Default.Build.0 = Development
	EndGlobalSection
	GlobalSection(SolutionProperties) = preSolution
		HideSolutionNode = FALSE
	EndGlobalSection
EndGlobal
