
Microsoft Visual Studio Solution File, Format Version 10.00
# Visual Studio 2008
Project("{D183A3D8-5FD8-494B-B014-37F57B35E655}") = "ETL_Togproduktion_Fjern_og_Regional", "ETL_Togproduktion_Fjern_og_Regional.dtproj", "{7EA33FE6-2F61-486E-8C9E-34B58E01FFCF}"
EndProject
Global
	GlobalSection(SolutionConfigurationPlatforms) = preSolution
		Development|Default = Development|Default
	EndGlobalSection
	GlobalSection(ProjectConfigurationPlatforms) = postSolution
		{7EA33FE6-2F61-486E-8C9E-34B58E01FFCF}.Development|Default.ActiveCfg = Development
		{7EA33FE6-2F61-486E-8C9E-34B58E01FFCF}.Development|Default.Build.0 = Development
	EndGlobalSection
	GlobalSection(SolutionProperties) = preSolution
		HideSolutionNode = FALSE
	EndGlobalSection
EndGlobal
