
Microsoft Visual Studio Solution File, Format Version 10.00
# Visual Studio 2008
Project("{D183A3D8-5FD8-494B-B014-37F57B35E655}") = "ETL_HR_FTE", "ETL_HR_FTE.dtproj", "{D4464245-D97C-45EE-8BFD-6E1E304E03CD}"
EndProject
Global
	GlobalSection(SolutionConfigurationPlatforms) = preSolution
		Development|Default = Development|Default
	EndGlobalSection
	GlobalSection(ProjectConfigurationPlatforms) = postSolution
		{D4464245-D97C-45EE-8BFD-6E1E304E03CD}.Development|Default.ActiveCfg = Development
		{D4464245-D97C-45EE-8BFD-6E1E304E03CD}.Development|Default.Build.0 = Development
	EndGlobalSection
	GlobalSection(SolutionProperties) = preSolution
		HideSolutionNode = FALSE
	EndGlobalSection
EndGlobal
